
Microsoft Visual Studio Solution File, Format Version 12.00
# Visual Studio Version 16
VisualStudioVersion = 16.0.30907.101
MinimumVisualStudioVersion = 10.0.40219.1
Project("{FAE04EC0-301F-11D3-BF4B-00C04F79EFBC}") = "HomeWork_3", "HomeWork_3\HomeWork_3.csproj", "{98E44819-C3E5-4A5C-87AE-71652E7E632F}"
EndProject
Project("{2150E333-8FDC-42A3-9474-1A3956D46DE8}") = "SolutionItems", "SolutionItems", "{FE6BB982-6F80-4756-8719-3EFC09C626B4}"
	ProjectSection(SolutionItems) = preProject
		..\..\..\Desktop\settings.ruleset = ..\..\..\Desktop\settings.ruleset
		..\..\..\Desktop\stylecop.json = ..\..\..\Desktop\stylecop.json
	EndProjectSection
EndProject
Global
	GlobalSection(SolutionConfigurationPlatforms) = preSolution
		Debug|Any CPU = Debug|Any CPU
		Release|Any CPU = Release|Any CPU
	EndGlobalSection
	GlobalSection(ProjectConfigurationPlatforms) = postSolution
		{98E44819-C3E5-4A5C-87AE-71652E7E632F}.Debug|Any CPU.ActiveCfg = Debug|Any CPU
		{98E44819-C3E5-4A5C-87AE-71652E7E632F}.Debug|Any CPU.Build.0 = Debug|Any CPU
		{98E44819-C3E5-4A5C-87AE-71652E7E632F}.Release|Any CPU.ActiveCfg = Release|Any CPU
		{98E44819-C3E5-4A5C-87AE-71652E7E632F}.Release|Any CPU.Build.0 = Release|Any CPU
	EndGlobalSection
	GlobalSection(SolutionProperties) = preSolution
		HideSolutionNode = FALSE
	EndGlobalSection
	GlobalSection(ExtensibilityGlobals) = postSolution
		SolutionGuid = {CBB96014-2188-40B5-BB30-9B0C27A56203}
	EndGlobalSection
EndGlobal
